
Microsoft Visual Studio Solution File, Format Version 12.00
# Visual Studio Version 17
VisualStudioVersion = 17.0.32014.148
MinimumVisualStudioVersion = 10.0.40219.1
Project("{FAE04EC0-301F-11D3-BF4B-00C04F79EFBC}") = "TimeoutBug", "TimeoutBug\TimeoutBug.csproj", "{6218E901-C984-4F25-89F1-E5A156719E79}"
EndProject
Global
	GlobalSection(SolutionConfigurationPlatforms) = preSolution
		Debug|Any CPU = Debug|Any CPU
		Release|Any CPU = Release|Any CPU
	EndGlobalSection
	GlobalSection(ProjectConfigurationPlatforms) = postSolution
		{6218E901-C984-4F25-89F1-E5A156719E79}.Debug|Any CPU.ActiveCfg = Debug|Any CPU
		{6218E901-C984-4F25-89F1-E5A156719E79}.Debug|Any CPU.Build.0 = Debug|Any CPU
		{6218E901-C984-4F25-89F1-E5A156719E79}.Release|Any CPU.ActiveCfg = Release|Any CPU
		{6218E901-C984-4F25-89F1-E5A156719E79}.Release|Any CPU.Build.0 = Release|Any CPU
	EndGlobalSection
	GlobalSection(SolutionProperties) = preSolution
		HideSolutionNode = FALSE
	EndGlobalSection
	GlobalSection(ExtensibilityGlobals) = postSolution
		SolutionGuid = {D9D21C59-1422-4CEA-AC8D-72F773CD18B9}
	EndGlobalSection
EndGlobal
